
Microsoft Visual Studio Solution File, Format Version 12.00
# Visual Studio Version 17
VisualStudioVersion = 17.10.35004.147
MinimumVisualStudioVersion = 10.0.40219.1
Project("{2150E333-8FDC-42A3-9474-1A3956D46DE8}") = "Notifications.Service", "Notifications.Service", "{0F4E196F-0EA3-4B10-A52A-7C727E1104A6}"
EndProject
Project("{FAE04EC0-301F-11D3-BF4B-00C04F79EFBC}") = "Notification.Service.Api", "Notification.Service.Api\Notification.Service.Api.csproj", "{28812386-C2E5-43EE-8582-81C30201899D}"
EndProject
Global
	GlobalSection(SolutionConfigurationPlatforms) = preSolution
		Debug|Any CPU = Debug|Any CPU
		Release|Any CPU = Release|Any CPU
	EndGlobalSection
	GlobalSection(ProjectConfigurationPlatforms) = postSolution
		{28812386-C2E5-43EE-8582-81C30201899D}.Debug|Any CPU.ActiveCfg = Debug|Any CPU
		{28812386-C2E5-43EE-8582-81C30201899D}.Debug|Any CPU.Build.0 = Debug|Any CPU
		{28812386-C2E5-43EE-8582-81C30201899D}.Release|Any CPU.ActiveCfg = Release|Any CPU
		{28812386-C2E5-43EE-8582-81C30201899D}.Release|Any CPU.Build.0 = Release|Any CPU
	EndGlobalSection
	GlobalSection(SolutionProperties) = preSolution
		HideSolutionNode = FALSE
	EndGlobalSection
	GlobalSection(NestedProjects) = preSolution
		{28812386-C2E5-43EE-8582-81C30201899D} = {0F4E196F-0EA3-4B10-A52A-7C727E1104A6}
	EndGlobalSection
	GlobalSection(ExtensibilityGlobals) = postSolution
		SolutionGuid = {80227E24-D714-4981-8DA1-8A6CF402F904}
	EndGlobalSection
EndGlobal
